// !$*UTF8*$!
{
	archiveVersion = 1;
	classes = {
	};
	objectVersion = 46;
	objects = {

/* Begin PBXBuildFile section */
		7D1B5ABA1C44E94A0053E6B8 /* SetClockModeController.m in Sources */ = {isa = PBXBuildFile; fileRef = 7D1B5AB81C44E94A0053E6B8 /* SetClockModeController.m */; };
		7D1B5ABB1C44E94A0053E6B8 /* SetClockModeController.xib in Resources */ = {isa = PBXBuildFile; fileRef = 7D1B5AB91C44E94A0053E6B8 /* SetClockModeController.xib */; };
		7D1C16F11C3F45D200193447 /* MyClockViewController.m in Sources */ = {isa = PBXBuildFile; fileRef = 7D1C16F01C3F45D200193447 /* MyClockViewController.m */; };
		7D1C16F51C3F5ECE00193447 /* MyAlertCell.m in Sources */ = {isa = PBXBuildFile; fileRef = 7D1C16F31C3F5ECE00193447 /* MyAlertCell.m */; };
		7D1C16F61C3F5ECE00193447 /* MyAlertCell.xib in Resources */ = {isa = PBXBuildFile; fileRef = 7D1C16F41C3F5ECE00193447 /* MyAlertCell.xib */; };
		7D4D48B31C41F23700C18F6D /* GoogleMobileAds.framework in Frameworks */ = {isa = PBXBuildFile; fileRef = 7D4D48A91C41F23700C18F6D /* GoogleMobileAds.framework */; };
		7D4D48B41C41F23700C18F6D /* README.txt in Resources */ = {isa = PBXBuildFile; fileRef = 7D4D48B11C41F23700C18F6D /* README.txt */; };
		7D4D48B51C41F23700C18F6D /* README.txt in Resources */ = {isa = PBXBuildFile; fileRef = 7D4D48B21C41F23700C18F6D /* README.txt */; };
		7D5554441C4343BE001D67A8 /* SetClockTimeController.m in Sources */ = {isa = PBXBuildFile; fileRef = 7D5554421C4343BE001D67A8 /* SetClockTimeController.m */; };
		7D5554451C4343BE001D67A8 /* SetClockTimeController.xib in Resources */ = {isa = PBXBuildFile; fileRef = 7D5554431C4343BE001D67A8 /* SetClockTimeController.xib */; };
		7D730B191C3CD94800C095C5 /* main.m in Sources */ = {isa = PBXBuildFile; fileRef = 7D730B181C3CD94800C095C5 /* main.m */; };
		7D730B221C3CD94800C095C5 /* Main.storyboard in Resources */ = {isa = PBXBuildFile; fileRef = 7D730B201C3CD94800C095C5 /* Main.storyboard */; };
		7D730B241C3CD94800C095C5 /* Assets.xcassets in Resources */ = {isa = PBXBuildFile; fileRef = 7D730B231C3CD94800C095C5 /* Assets.xcassets */; };
		7D730B271C3CD94800C095C5 /* LaunchScreen.storyboard in Resources */ = {isa = PBXBuildFile; fileRef = 7D730B251C3CD94800C095C5 /* LaunchScreen.storyboard */; };
		7D730B3D1C3CD9DB00C095C5 /* AppDelegate.m in Sources */ = {isa = PBXBuildFile; fileRef = 7D730B311C3CD9DB00C095C5 /* AppDelegate.m */; };
		7D730B411C3CDA3D00C095C5 /* MainViewController.m in Sources */ = {isa = PBXBuildFile; fileRef = 7D730B401C3CDA3D00C095C5 /* MainViewController.m */; };
		7D730B441C3CDA8F00C095C5 /* HYLocalNotication.m in Sources */ = {isa = PBXBuildFile; fileRef = 7D730B431C3CDA8F00C095C5 /* HYLocalNotication.m */; };
		7D730B491C3CF3B300C095C5 /* UIColor+hex.m in Sources */ = {isa = PBXBuildFile; fileRef = 7D730B481C3CF3B300C095C5 /* UIColor+hex.m */; };
		7D730B4C1C3CFA1300C095C5 /* NSString+dateTransformToNSString.m in Sources */ = {isa = PBXBuildFile; fileRef = 7D730B4B1C3CFA1300C095C5 /* NSString+dateTransformToNSString.m */; };
		7DAC940F1C3F99D800F787DA /* SetClockViewController.m in Sources */ = {isa = PBXBuildFile; fileRef = 7DAC940E1C3F99D800F787DA /* SetClockViewController.m */; };
		7DCD71F81C4793600072DDC5 /* AVFoundation.framework in Frameworks */ = {isa = PBXBuildFile; fileRef = 7DCD71F71C4793600072DDC5 /* AVFoundation.framework */; };
		7DCD71FF1C4795390072DDC5 /* SetClockMusicViewController.m in Sources */ = {isa = PBXBuildFile; fileRef = 7DCD71FD1C4795390072DDC5 /* SetClockMusicViewController.m */; };
		7DCD72001C4795390072DDC5 /* SetClockMusicViewController.xib in Resources */ = {isa = PBXBuildFile; fileRef = 7DCD71FE1C4795390072DDC5 /* SetClockMusicViewController.xib */; };
		7DCD72031C47A0820072DDC5 /* 布谷鸟.caf in Resources */ = {isa = PBXBuildFile; fileRef = 7DCD72021C47A06C0072DDC5 /* 布谷鸟.caf */; };
		7DEDA3DC1C3E4E8900D7C4DE /* alertCell.m in Sources */ = {isa = PBXBuildFile; fileRef = 7DEDA3DA1C3E4E8900D7C4DE /* alertCell.m */; };
		7DEDA3DD1C3E4E8900D7C4DE /* alertCell.xib in Resources */ = {isa = PBXBuildFile; fileRef = 7DEDA3DB1C3E4E8900D7C4DE /* alertCell.xib */; };
		7DEDA3E31C3E6C6100D7C4DE /* alert.m in Sources */ = {isa = PBXBuildFile; fileRef = 7DEDA3E21C3E6C6100D7C4DE /* alert.m */; };
		7DF1B3A51C4887A90090BD64 /* AudioToolbox.framework in Frameworks */ = {isa = PBXBuildFile; fileRef = 7DF1B3A41C4887A90090BD64 /* AudioToolbox.framework */; };
		7DF1B3D71C4888590090BD64 /* dida.mp3 in Resources */ = {isa = PBXBuildFile; fileRef = 7DF1B3A81C4888590090BD64 /* dida.mp3 */; };
		7DF1B3D81C4888590090BD64 /* 三全音.mp3 in Resources */ = {isa = PBXBuildFile; fileRef = 7DF1B3A91C4888590090BD64 /* 三全音.mp3 */; };
		7DF1B3D91C4888590090BD64 /* 乡音.mp3 in Resources */ = {isa = PBXBuildFile; fileRef = 7DF1B3AA1C4888590090BD64 /* 乡音.mp3 */; };
		7DF1B3DA1C4888590090BD64 /* 优雅谢幕.mp3 in Resources */ = {isa = PBXBuildFile; fileRef = 7DF1B3AB1C4888590090BD64 /* 优雅谢幕.mp3 */; };
		7DF1B3DB1C4888590090BD64 /* 大内密探.mp3 in Resources */ = {isa = PBXBuildFile; fileRef = 7DF1B3AC1C4888590090BD64 /* 大内密探.mp3 */; };
		7DF1B3DC1C4888590090BD64 /* 水滴声.mp3 in Resources */ = {isa = PBXBuildFile; fileRef = 7DF1B3AD1C4888590090BD64 /* 水滴声.mp3 */; };
		7DF1B3DD1C4888590090BD64 /* 温馨提醒.mp3 in Resources */ = {isa = PBXBuildFile; fileRef = 7DF1B3AE1C4888590090BD64 /* 温馨提醒.mp3 */; };
		7DF1B3DE1C4888590090BD64 /* 电子音.mp3 in Resources */ = {isa = PBXBuildFile; fileRef = 7DF1B3AF1C4888590090BD64 /* 电子音.mp3 */; };
		7DF1B3DF1C4888590090BD64 /* 立体音.mp3 in Resources */ = {isa = PBXBuildFile; fileRef = 7DF1B3B01C4888590090BD64 /* 立体音.mp3 */; };
		7DF1B3E01C4888590090BD64 /* clock_boy_1.m4a in Resources */ = {isa = PBXBuildFile; fileRef = 7DF1B3B21C4888590090BD64 /* clock_boy_1.m4a */; };
		7DF1B3E11C4888590090BD64 /* clock_boy_2.m4a in Resources */ = {isa = PBXBuildFile; fileRef = 7DF1B3B31C4888590090BD64 /* clock_boy_2.m4a */; };
		7DF1B3E21C4888590090BD64 /* clock_boy_3.m4a in Resources */ = {isa = PBXBuildFile; fileRef = 7DF1B3B41C4888590090BD64 /* clock_boy_3.m4a */; };
		7DF1B3E31C4888590090BD64 /* clock_boy_4.m4a in Resources */ = {isa = PBXBuildFile; fileRef = 7DF1B3B51C4888590090BD64 /* clock_boy_4.m4a */; };
		7DF1B3E41C4888590090BD64 /* clock_boy_5.m4a in Resources */ = {isa = PBXBuildFile; fileRef = 7DF1B3B61C4888590090BD64 /* clock_boy_5.m4a */; };
		7DF1B3E51C4888590090BD64 /* clock_boy_6.m4a in Resources */ = {isa = PBXBuildFile; fileRef = 7DF1B3B71C4888590090BD64 /* clock_boy_6.m4a */; };
		7DF1B3E61C4888590090BD64 /* clock_boy_7.m4a in Resources */ = {isa = PBXBuildFile; fileRef = 7DF1B3B81C4888590090BD64 /* clock_boy_7.m4a */; };
		7DF1B3E71C4888590090BD64 /* clock_boy_8.m4a in Resources */ = {isa = PBXBuildFile; fileRef = 7DF1B3B91C4888590090BD64 /* clock_boy_8.m4a */; };
		7DF1B3E81C4888590090BD64 /* clock_girl_1.m4a in Resources */ = {isa = PBXBuildFile; fileRef = 7DF1B3BA1C4888590090BD64 /* clock_girl_1.m4a */; };
		7DF1B3E91C4888590090BD64 /* clock_girl_10.m4a in Resources */ = {isa = PBXBuildFile; fileRef = 7DF1B3BB1C4888590090BD64 /* clock_girl_10.m4a */; };
		7DF1B3EA1C4888590090BD64 /* clock_girl_2.m4a in Resources */ = {isa = PBXBuildFile; fileRef = 7DF1B3BC1C4888590090BD64 /* clock_girl_2.m4a */; };
		7DF1B3EB1C4888590090BD64 /* clock_girl_3.m4a in Resources */ = {isa = PBXBuildFile; fileRef = 7DF1B3BD1C4888590090BD64 /* clock_girl_3.m4a */; };
		7DF1B3EC1C4888590090BD64 /* clock_girl_4.m4a in Resources */ = {isa = PBXBuildFile; fileRef = 7DF1B3BE1C4888590090BD64 /* clock_girl_4.m4a */; };
		7DF1B3ED1C4888590090BD64 /* clock_girl_5.m4a in Resources */ = {isa = PBXBuildFile; fileRef = 7DF1B3BF1C4888590090BD64 /* clock_girl_5.m4a */; };
		7DF1B3EE1C4888590090BD64 /* clock_girl_6.m4a in Resources */ = {isa = PBXBuildFile; fileRef = 7DF1B3C01C4888590090BD64 /* clock_girl_6.m4a */; };
		7DF1B3EF1C4888590090BD64 /* clock_girl_7.m4a in Resources */ = {isa = PBXBuildFile; fileRef = 7DF1B3C11C4888590090BD64 /* clock_girl_7.m4a */; };
		7DF1B3F01C4888590090BD64 /* clock_girl_8.m4a in Resources */ = {isa = PBXBuildFile; fileRef = 7DF1B3C21C4888590090BD64 /* clock_girl_8.m4a */; };
		7DF1B3F11C4888590090BD64 /* clock_girl_9.m4a in Resources */ = {isa = PBXBuildFile; fileRef = 7DF1B3C31C4888590090BD64 /* clock_girl_9.m4a */; };
		7DF1B3F21C4888590090BD64 /* 优美口哨.cff in Resources */ = {isa = PBXBuildFile; fileRef = 7DF1B3C51C4888590090BD64 /* 优美口哨.cff */; };
		7DF1B3F31C4888590090BD64 /* 八音盒.mp3 in Resources */ = {isa = PBXBuildFile; fileRef = 7DF1B3C61C4888590090BD64 /* 八音盒.mp3 */; };
		7DF1B3F41C4888590090BD64 /* 吉他扫弦.mp3 in Resources */ = {isa = PBXBuildFile; fileRef = 7DF1B3C71C4888590090BD64 /* 吉他扫弦.mp3 */; };
		7DF1B3F51C4888590090BD64 /* 声声入耳.cff in Resources */ = {isa = PBXBuildFile; fileRef = 7DF1B3C81C4888590090BD64 /* 声声入耳.cff */; };
		7DF1B3F61C4888590090BD64 /* 她的手机.cff in Resources */ = {isa = PBXBuildFile; fileRef = 7DF1B3C91C4888590090BD64 /* 她的手机.cff */; };
		7DF1B3F71C4888590090BD64 /* 木琴.mp3 in Resources */ = {isa = PBXBuildFile; fileRef = 7DF1B3CA1C4888590090BD64 /* 木琴.mp3 */; };
		7DF1B3F81C4888590090BD64 /* 村庄的早晨.mp3 in Resources */ = {isa = PBXBuildFile; fileRef = 7DF1B3CB1C4888590090BD64 /* 村庄的早晨.mp3 */; };
		7DF1B3F91C4888590090BD64 /* 柔美舒服.cff in Resources */ = {isa = PBXBuildFile; fileRef = 7DF1B3CC1C4888590090BD64 /* 柔美舒服.cff */; };
		7DF1B3FA1C4888590090BD64 /* 海边小屋.mp3 in Resources */ = {isa = PBXBuildFile; fileRef = 7DF1B3CD1C4888590090BD64 /* 海边小屋.mp3 */; };
		7DF1B3FB1C4888590090BD64 /* 滴答滴答.mp3 in Resources */ = {isa = PBXBuildFile; fileRef = 7DF1B3CE1C4888590090BD64 /* 滴答滴答.mp3 */; };
		7DF1B3FC1C4888590090BD64 /* 甜美舞曲.mp3 in Resources */ = {isa = PBXBuildFile; fileRef = 7DF1B3CF1C4888590090BD64 /* 甜美舞曲.mp3 */; };
		7DF1B3FD1C4888590090BD64 /* 空谷回响.mp3 in Resources */ = {isa = PBXBuildFile; fileRef = 7DF1B3D01C4888590090BD64 /* 空谷回响.mp3 */; };
		7DF1B3FE1C4888590090BD64 /* 经典滴滴声.mp3 in Resources */ = {isa = PBXBuildFile; fileRef = 7DF1B3D11C4888590090BD64 /* 经典滴滴声.mp3 */; };
		7DF1B3FF1C4888590090BD64 /* 美妙清晨.mp3 in Resources */ = {isa = PBXBuildFile; fileRef = 7DF1B3D21C4888590090BD64 /* 美妙清晨.mp3 */; };
		7DF1B4001C4888590090BD64 /* 自然晨曦.mp3 in Resources */ = {isa = PBXBuildFile; fileRef = 7DF1B3D31C4888590090BD64 /* 自然晨曦.mp3 */; };
		7DF1B4011C4888590090BD64 /* 萨克斯金曲.cff in Resources */ = {isa = PBXBuildFile; fileRef = 7DF1B3D41C4888590090BD64 /* 萨克斯金曲.cff */; };
		7DF1B4021C4888590090BD64 /* 马林巴琴.mp3 in Resources */ = {isa = PBXBuildFile; fileRef = 7DF1B3D51C4888590090BD64 /* 马林巴琴.mp3 */; };
		7DF1B4031C4888590090BD64 /* 黑白琴键.mp3 in Resources */ = {isa = PBXBuildFile; fileRef = 7DF1B3D61C4888590090BD64 /* 黑白琴键.mp3 */; };
		7DF1B4051C4898C80090BD64 /* 大王叫我来巡山-原声带.mp3 in Resources */ = {isa = PBXBuildFile; fileRef = 7DF1B4041C4898C80090BD64 /* 大王叫我来巡山-原声带.mp3 */; };
		7DF1B40C1C48C0A00090BD64 /* mainSetViewController.m in Sources */ = {isa = PBXBuildFile; fileRef = 7DF1B40A1C48C0A00090BD64 /* mainSetViewController.m */; };
		7DF1B40D1C48C0A00090BD64 /* mainSetViewController.xib in Resources */ = {isa = PBXBuildFile; fileRef = 7DF1B40B1C48C0A00090BD64 /* mainSetViewController.xib */; };
/* End PBXBuildFile section */

/* Begin PBXFileReference section */
		7D1B5AB71C44E94A0053E6B8 /* SetClockModeController.h */ = {isa = PBXFileReference; fileEncoding = 4; lastKnownFileType = sourcecode.c.h; path = SetClockModeController.h; sourceTree = "<group>"; };
		7D1B5AB81C44E94A0053E6B8 /* SetClockModeController.m */ = {isa = PBXFileReference; fileEncoding = 4; lastKnownFileType = sourcecode.c.objc; path = SetClockModeController.m; sourceTree = "<group>"; };
		7D1B5AB91C44E94A0053E6B8 /* SetClockModeController.xib */ = {isa = PBXFileReference; fileEncoding = 4; lastKnownFileType = file.xib; path = SetClockModeController.xib; sourceTree = "<group>"; };
		7D1C16EF1C3F45D200193447 /* MyClockViewController.h */ = {isa = PBXFileReference; fileEncoding = 4; lastKnownFileType = sourcecode.c.h; path = MyClockViewController.h; sourceTree = "<group>"; };
		7D1C16F01C3F45D200193447 /* MyClockViewController.m */ = {isa = PBXFileReference; fileEncoding = 4; lastKnownFileType = sourcecode.c.objc; path = MyClockViewController.m; sourceTree = "<group>"; };
		7D1C16F21C3F5ECE00193447 /* MyAlertCell.h */ = {isa = PBXFileReference; fileEncoding = 4; lastKnownFileType = sourcecode.c.h; path = MyAlertCell.h; sourceTree = "<group>"; };
		7D1C16F31C3F5ECE00193447 /* MyAlertCell.m */ = {isa = PBXFileReference; fileEncoding = 4; lastKnownFileType = sourcecode.c.objc; path = MyAlertCell.m; sourceTree = "<group>"; };
		7D1C16F41C3F5ECE00193447 /* MyAlertCell.xib */ = {isa = PBXFileReference; fileEncoding = 4; lastKnownFileType = file.xib; path = MyAlertCell.xib; sourceTree = "<group>"; };
		7D4D48A91C41F23700C18F6D /* GoogleMobileAds.framework */ = {isa = PBXFileReference; lastKnownFileType = wrapper.framework; path = GoogleMobileAds.framework; sourceTree = "<group>"; };
		7D4D48AB1C41F23700C18F6D /* GADMAdNetworkAdapterProtocol.h */ = {isa = PBXFileReference; fileEncoding = 4; lastKnownFileType = sourcecode.c.h; path = GADMAdNetworkAdapterProtocol.h; sourceTree = "<group>"; };
		7D4D48AC1C41F23700C18F6D /* GADMAdNetworkConnectorProtocol.h */ = {isa = PBXFileReference; fileEncoding = 4; lastKnownFileType = sourcecode.c.h; path = GADMAdNetworkConnectorProtocol.h; sourceTree = "<group>"; };
		7D4D48AD1C41F23700C18F6D /* GADMediationAdRequest.h */ = {isa = PBXFileReference; fileEncoding = 4; lastKnownFileType = sourcecode.c.h; path = GADMediationAdRequest.h; sourceTree = "<group>"; };
		7D4D48AE1C41F23700C18F6D /* GADMEnums.h */ = {isa = PBXFileReference; fileEncoding = 4; lastKnownFileType = sourcecode.c.h; path = GADMEnums.h; sourceTree = "<group>"; };
		7D4D48AF1C41F23700C18F6D /* GADMRewardBasedVideoAdNetworkAdapterProtocol.h */ = {isa = PBXFileReference; fileEncoding = 4; lastKnownFileType = sourcecode.c.h; path = GADMRewardBasedVideoAdNetworkAdapterProtocol.h; sourceTree = "<group>"; };
		7D4D48B01C41F23700C18F6D /* GADMRewardBasedVideoAdNetworkConnectorProtocol.h */ = {isa = PBXFileReference; fileEncoding = 4; lastKnownFileType = sourcecode.c.h; path = GADMRewardBasedVideoAdNetworkConnectorProtocol.h; sourceTree = "<group>"; };
		7D4D48B11C41F23700C18F6D /* README.txt */ = {isa = PBXFileReference; fileEncoding = 4; lastKnownFileType = text; path = README.txt; sourceTree = "<group>"; };
		7D4D48B21C41F23700C18F6D /* README.txt */ = {isa = PBXFileReference; fileEncoding = 4; lastKnownFileType = text; path = README.txt; sourceTree = "<group>"; };
		7D5554411C4343BE001D67A8 /* SetClockTimeController.h */ = {isa = PBXFileReference; fileEncoding = 4; lastKnownFileType = sourcecode.c.h; path = SetClockTimeController.h; sourceTree = "<group>"; };
		7D5554421C4343BE001D67A8 /* SetClockTimeController.m */ = {isa = PBXFileReference; fileEncoding = 4; lastKnownFileType = sourcecode.c.objc; path = SetClockTimeController.m; sourceTree = "<group>"; };
		7D5554431C4343BE001D67A8 /* SetClockTimeController.xib */ = {isa = PBXFileReference; fileEncoding = 4; lastKnownFileType = file.xib; path = SetClockTimeController.xib; sourceTree = "<group>"; };
		7D730B141C3CD94800C095C5 /* quYunNaoZhong.app */ = {isa = PBXFileReference; explicitFileType = wrapper.application; includeInIndex = 0; path = quYunNaoZhong.app; sourceTree = BUILT_PRODUCTS_DIR; };
		7D730B181C3CD94800C095C5 /* main.m */ = {isa = PBXFileReference; lastKnownFileType = sourcecode.c.objc; path = main.m; sourceTree = "<group>"; };
		7D730B211C3CD94800C095C5 /* Base */ = {isa = PBXFileReference; lastKnownFileType = file.storyboard; name = Base; path = Base.lproj/Main.storyboard; sourceTree = "<group>"; };
		7D730B231C3CD94800C095C5 /* Assets.xcassets */ = {isa = PBXFileReference; lastKnownFileType = folder.assetcatalog; path = Assets.xcassets; sourceTree = "<group>"; };
		7D730B261C3CD94800C095C5 /* Base */ = {isa = PBXFileReference; lastKnownFileType = file.storyboard; name = Base; path = Base.lproj/LaunchScreen.storyboard; sourceTree = "<group>"; };
		7D730B281C3CD94800C095C5 /* Info.plist */ = {isa = PBXFileReference; lastKnownFileType = text.plist.xml; path = Info.plist; sourceTree = "<group>"; };
		7D730B301C3CD9DB00C095C5 /* AppDelegate.h */ = {isa = PBXFileReference; fileEncoding = 4; lastKnownFileType = sourcecode.c.h; path = AppDelegate.h; sourceTree = "<group>"; };
		7D730B311C3CD9DB00C095C5 /* AppDelegate.m */ = {isa = PBXFileReference; fileEncoding = 4; lastKnownFileType = sourcecode.c.objc; path = AppDelegate.m; sourceTree = "<group>"; };
		7D730B3F1C3CDA3D00C095C5 /* MainViewController.h */ = {isa = PBXFileReference; fileEncoding = 4; lastKnownFileType = sourcecode.c.h; path = MainViewController.h; sourceTree = "<group>"; };
		7D730B401C3CDA3D00C095C5 /* MainViewController.m */ = {isa = PBXFileReference; fileEncoding = 4; lastKnownFileType = sourcecode.c.objc; path = MainViewController.m; sourceTree = "<group>"; };
		7D730B421C3CDA8F00C095C5 /* HYLocalNotication.h */ = {isa = PBXFileReference; fileEncoding = 4; lastKnownFileType = sourcecode.c.h; path = HYLocalNotication.h; sourceTree = "<group>"; };
		7D730B431C3CDA8F00C095C5 /* HYLocalNotication.m */ = {isa = PBXFileReference; fileEncoding = 4; lastKnownFileType = sourcecode.c.objc; path = HYLocalNotication.m; sourceTree = "<group>"; };
		7D730B461C3CDB8D00C095C5 /* HYHeader.pch */ = {isa = PBXFileReference; fileEncoding = 4; lastKnownFileType = sourcecode.c.h; path = HYHeader.pch; sourceTree = "<group>"; };
		7D730B471C3CF3B300C095C5 /* UIColor+hex.h */ = {isa = PBXFileReference; fileEncoding = 4; lastKnownFileType = sourcecode.c.h; path = "UIColor+hex.h"; sourceTree = "<group>"; };
		7D730B481C3CF3B300C095C5 /* UIColor+hex.m */ = {isa = PBXFileReference; fileEncoding = 4; lastKnownFileType = sourcecode.c.objc; path = "UIColor+hex.m"; sourceTree = "<group>"; };
		7D730B4A1C3CFA1300C095C5 /* NSString+dateTransformToNSString.h */ = {isa = PBXFileReference; fileEncoding = 4; lastKnownFileType = sourcecode.c.h; path = "NSString+dateTransformToNSString.h"; sourceTree = "<group>"; };
		7D730B4B1C3CFA1300C095C5 /* NSString+dateTransformToNSString.m */ = {isa = PBXFileReference; fileEncoding = 4; lastKnownFileType = sourcecode.c.objc; path = "NSString+dateTransformToNSString.m"; sourceTree = "<group>"; };
		7DAC940D1C3F99D800F787DA /* SetClockViewController.h */ = {isa = PBXFileReference; fileEncoding = 4; lastKnownFileType = sourcecode.c.h; path = SetClockViewController.h; sourceTree = "<group>"; };
		7DAC940E1C3F99D800F787DA /* SetClockViewController.m */ = {isa = PBXFileReference; fileEncoding = 4; lastKnownFileType = sourcecode.c.objc; path = SetClockViewController.m; sourceTree = "<group>"; };
		7DCD71F71C4793600072DDC5 /* AVFoundation.framework */ = {isa = PBXFileReference; lastKnownFileType = wrapper.framework; name = AVFoundation.framework; path = System/Library/Frameworks/AVFoundation.framework; sourceTree = SDKROOT; };
		7DCD71FC1C4795390072DDC5 /* SetClockMusicViewController.h */ = {isa = PBXFileReference; fileEncoding = 4; lastKnownFileType = sourcecode.c.h; path = SetClockMusicViewController.h; sourceTree = "<group>"; };
		7DCD71FD1C4795390072DDC5 /* SetClockMusicViewController.m */ = {isa = PBXFileReference; fileEncoding = 4; lastKnownFileType = sourcecode.c.objc; path = SetClockMusicViewController.m; sourceTree = "<group>"; };
		7DCD71FE1C4795390072DDC5 /* SetClockMusicViewController.xib */ = {isa = PBXFileReference; fileEncoding = 4; lastKnownFileType = file.xib; path = SetClockMusicViewController.xib; sourceTree = "<group>"; };
		7DCD72021C47A06C0072DDC5 /* 布谷鸟.caf */ = {isa = PBXFileReference; lastKnownFileType = file; path = "布谷鸟.caf"; sourceTree = "<group>"; };
		7DEDA3D91C3E4E8900D7C4DE /* alertCell.h */ = {isa = PBXFileReference; fileEncoding = 4; lastKnownFileType = sourcecode.c.h; path = alertCell.h; sourceTree = "<group>"; };
		7DEDA3DA1C3E4E8900D7C4DE /* alertCell.m */ = {isa = PBXFileReference; fileEncoding = 4; lastKnownFileType = sourcecode.c.objc; path = alertCell.m; sourceTree = "<group>"; };
		7DEDA3DB1C3E4E8900D7C4DE /* alertCell.xib */ = {isa = PBXFileReference; fileEncoding = 4; lastKnownFileType = file.xib; path = alertCell.xib; sourceTree = "<group>"; };
		7DEDA3E11C3E6C6100D7C4DE /* alert.h */ = {isa = PBXFileReference; fileEncoding = 4; lastKnownFileType = sourcecode.c.h; path = alert.h; sourceTree = "<group>"; };
		7DEDA3E21C3E6C6100D7C4DE /* alert.m */ = {isa = PBXFileReference; fileEncoding = 4; lastKnownFileType = sourcecode.c.objc; path = alert.m; sourceTree = "<group>"; };
		7DF1B3A41C4887A90090BD64 /* AudioToolbox.framework */ = {isa = PBXFileReference; lastKnownFileType = wrapper.framework; name = AudioToolbox.framework; path = System/Library/Frameworks/AudioToolbox.framework; sourceTree = SDKROOT; };
		7DF1B3A81C4888590090BD64 /* dida.mp3 */ = {isa = PBXFileReference; lastKnownFileType = audio.mp3; path = dida.mp3; sourceTree = "<group>"; };
		7DF1B3A91C4888590090BD64 /* 三全音.mp3 */ = {isa = PBXFileReference; lastKnownFileType = audio.mp3; path = "三全音.mp3"; sourceTree = "<group>"; };
		7DF1B3AA1C4888590090BD64 /* 乡音.mp3 */ = {isa = PBXFileReference; lastKnownFileType = audio.mp3; path = "乡音.mp3"; sourceTree = "<group>"; };
		7DF1B3AB1C4888590090BD64 /* 优雅谢幕.mp3 */ = {isa = PBXFileReference; lastKnownFileType = audio.mp3; path = "优雅谢幕.mp3"; sourceTree = "<group>"; };
		7DF1B3AC1C4888590090BD64 /* 大内密探.mp3 */ = {isa = PBXFileReference; lastKnownFileType = audio.mp3; path = "大内密探.mp3"; sourceTree = "<group>"; };
		7DF1B3AD1C4888590090BD64 /* 水滴声.mp3 */ = {isa = PBXFileReference; lastKnownFileType = audio.mp3; path = "水滴声.mp3"; sourceTree = "<group>"; };
		7DF1B3AE1C4888590090BD64 /* 温馨提醒.mp3 */ = {isa = PBXFileReference; lastKnownFileType = audio.mp3; path = "温馨提醒.mp3"; sourceTree = "<group>"; };
		7DF1B3AF1C4888590090BD64 /* 电子音.mp3 */ = {isa = PBXFileReference; lastKnownFileType = audio.mp3; path = "电子音.mp3"; sourceTree = "<group>"; };
		7DF1B3B01C4888590090BD64 /* 立体音.mp3 */ = {isa = PBXFileReference; lastKnownFileType = audio.mp3; path = "立体音.mp3"; sourceTree = "<group>"; };
		7DF1B3B21C4888590090BD64 /* clock_boy_1.m4a */ = {isa = PBXFileReference; lastKnownFileType = file; path = clock_boy_1.m4a; sourceTree = "<group>"; };
		7DF1B3B31C4888590090BD64 /* clock_boy_2.m4a */ = {isa = PBXFileReference; lastKnownFileType = file; path = clock_boy_2.m4a; sourceTree = "<group>"; };
		7DF1B3B41C4888590090BD64 /* clock_boy_3.m4a */ = {isa = PBXFileReference; lastKnownFileType = file; path = clock_boy_3.m4a; sourceTree = "<group>"; };
		7DF1B3B51C4888590090BD64 /* clock_boy_4.m4a */ = {isa = PBXFileReference; lastKnownFileType = file; path = clock_boy_4.m4a; sourceTree = "<group>"; };
		7DF1B3B61C4888590090BD64 /* clock_boy_5.m4a */ = {isa = PBXFileReference; lastKnownFileType = file; path = clock_boy_5.m4a; sourceTree = "<group>"; };
		7DF1B3B71C4888590090BD64 /* clock_boy_6.m4a */ = {isa = PBXFileReference; lastKnownFileType = file; path = clock_boy_6.m4a; sourceTree = "<group>"; };
		7DF1B3B81C4888590090BD64 /* clock_boy_7.m4a */ = {isa = PBXFileReference; lastKnownFileType = file; path = clock_boy_7.m4a; sourceTree = "<group>"; };
		7DF1B3B91C4888590090BD64 /* clock_boy_8.m4a */ = {isa = PBXFileReference; lastKnownFileType = file; path = clock_boy_8.m4a; sourceTree = "<group>"; };
		7DF1B3BA1C4888590090BD64 /* clock_girl_1.m4a */ = {isa = PBXFileReference; lastKnownFileType = file; path = clock_girl_1.m4a; sourceTree = "<group>"; };
		7DF1B3BB1C4888590090BD64 /* clock_girl_10.m4a */ = {isa = PBXFileReference; lastKnownFileType = file; path = clock_girl_10.m4a; sourceTree = "<group>"; };
		7DF1B3BC1C4888590090BD64 /* clock_girl_2.m4a */ = {isa = PBXFileReference; lastKnownFileType = file; path = clock_girl_2.m4a; sourceTree = "<group>"; };
		7DF1B3BD1C4888590090BD64 /* clock_girl_3.m4a */ = {isa = PBXFileReference; lastKnownFileType = file; path = clock_girl_3.m4a; sourceTree = "<group>"; };
		7DF1B3BE1C4888590090BD64 /* clock_girl_4.m4a */ = {isa = PBXFileReference; lastKnownFileType = file; path = clock_girl_4.m4a; sourceTree = "<group>"; };
		7DF1B3BF1C4888590090BD64 /* clock_girl_5.m4a */ = {isa = PBXFileReference; lastKnownFileType = file; path = clock_girl_5.m4a; sourceTree = "<group>"; };
		7DF1B3C01C4888590090BD64 /* clock_girl_6.m4a */ = {isa = PBXFileReference; lastKnownFileType = file; path = clock_girl_6.m4a; sourceTree = "<group>"; };
		7DF1B3C11C4888590090BD64 /* clock_girl_7.m4a */ = {isa = PBXFileReference; lastKnownFileType = file; path = clock_girl_7.m4a; sourceTree = "<group>"; };
		7DF1B3C21C4888590090BD64 /* clock_girl_8.m4a */ = {isa = PBXFileReference; lastKnownFileType = file; path = clock_girl_8.m4a; sourceTree = "<group>"; };
		7DF1B3C31C4888590090BD64 /* clock_girl_9.m4a */ = {isa = PBXFileReference; lastKnownFileType = file; path = clock_girl_9.m4a; sourceTree = "<group>"; };
		7DF1B3C51C4888590090BD64 /* 优美口哨.cff */ = {isa = PBXFileReference; lastKnownFileType = file; path = "优美口哨.cff"; sourceTree = "<group>"; };
		7DF1B3C61C4888590090BD64 /* 八音盒.mp3 */ = {isa = PBXFileReference; lastKnownFileType = audio.mp3; path = "八音盒.mp3"; sourceTree = "<group>"; };
		7DF1B3C71C4888590090BD64 /* 吉他扫弦.mp3 */ = {isa = PBXFileReference; lastKnownFileType = audio.mp3; path = "吉他扫弦.mp3"; sourceTree = "<group>"; };
		7DF1B3C81C4888590090BD64 /* 声声入耳.cff */ = {isa = PBXFileReference; lastKnownFileType = file; path = "声声入耳.cff"; sourceTree = "<group>"; };
		7DF1B3C91C4888590090BD64 /* 她的手机.cff */ = {isa = PBXFileReference; lastKnownFileType = file; path = "她的手机.cff"; sourceTree = "<group>"; };
		7DF1B3CA1C4888590090BD64 /* 木琴.mp3 */ = {isa = PBXFileReference; lastKnownFileType = audio.mp3; path = "木琴.mp3"; sourceTree = "<group>"; };
		7DF1B3CB1C4888590090BD64 /* 村庄的早晨.mp3 */ = {isa = PBXFileReference; lastKnownFileType = audio.mp3; path = "村庄的早晨.mp3"; sourceTree = "<group>"; };
		7DF1B3CC1C4888590090BD64 /* 柔美舒服.cff */ = {isa = PBXFileReference; lastKnownFileType = file; path = "柔美舒服.cff"; sourceTree = "<group>"; };
		7DF1B3CD1C4888590090BD64 /* 海边小屋.mp3 */ = {isa = PBXFileReference; lastKnownFileType = audio.mp3; path = "海边小屋.mp3"; sourceTree = "<group>"; };
		7DF1B3CE1C4888590090BD64 /* 滴答滴答.mp3 */ = {isa = PBXFileReference; lastKnownFileType = audio.mp3; path = "滴答滴答.mp3"; sourceTree = "<group>"; };
		7DF1B3CF1C4888590090BD64 /* 甜美舞曲.mp3 */ = {isa = PBXFileReference; lastKnownFileType = audio.mp3; path = "甜美舞曲.mp3"; sourceTree = "<group>"; };
		7DF1B3D01C4888590090BD64 /* 空谷回响.mp3 */ = {isa = PBXFileReference; lastKnownFileType = audio.mp3; path = "空谷回响.mp3"; sourceTree = "<group>"; };
		7DF1B3D11C4888590090BD64 /* 经典滴滴声.mp3 */ = {isa = PBXFileReference; lastKnownFileType = audio.mp3; path = "经典滴滴声.mp3"; sourceTree = "<group>"; };
		7DF1B3D21C4888590090BD64 /* 美妙清晨.mp3 */ = {isa = PBXFileReference; lastKnownFileType = audio.mp3; path = "美妙清晨.mp3"; sourceTree = "<group>"; };
		7DF1B3D31C4888590090BD64 /* 自然晨曦.mp3 */ = {isa = PBXFileReference; lastKnownFileType = audio.mp3; path = "自然晨曦.mp3"; sourceTree = "<group>"; };
		7DF1B3D41C4888590090BD64 /* 萨克斯金曲.cff */ = {isa = PBXFileReference; lastKnownFileType = file; path = "萨克斯金曲.cff"; sourceTree = "<group>"; };
		7DF1B3D51C4888590090BD64 /* 马林巴琴.mp3 */ = {isa = PBXFileReference; lastKnownFileType = audio.mp3; path = "马林巴琴.mp3"; sourceTree = "<group>"; };
		7DF1B3D61C4888590090BD64 /* 黑白琴键.mp3 */ = {isa = PBXFileReference; lastKnownFileType = audio.mp3; path = "黑白琴键.mp3"; sourceTree = "<group>"; };
		7DF1B4041C4898C80090BD64 /* 大王叫我来巡山-原声带.mp3 */ = {isa = PBXFileReference; lastKnownFileType = audio.mp3; path = "大王叫我来巡山-原声带.mp3"; sourceTree = "<group>"; };
		7DF1B4091C48C0A00090BD64 /* mainSetViewController.h */ = {isa = PBXFileReference; fileEncoding = 4; lastKnownFileType = sourcecode.c.h; path = mainSetViewController.h; sourceTree = "<group>"; };
		7DF1B40A1C48C0A00090BD64 /* mainSetViewController.m */ = {isa = PBXFileReference; fileEncoding = 4; lastKnownFileType = sourcecode.c.objc; path = mainSetViewController.m; sourceTree = "<group>"; };
		7DF1B40B1C48C0A00090BD64 /* mainSetViewController.xib */ = {isa = PBXFileReference; fileEncoding = 4; lastKnownFileType = file.xib; path = mainSetViewController.xib; sourceTree = "<group>"; };
/* End PBXFileReference section */

/* Begin PBXFrameworksBuildPhase section */
		7D730B111C3CD94800C095C5 /* Frameworks */ = {
			isa = PBXFrameworksBuildPhase;
			buildActionMask = 2147483647;
			files = (
				7DF1B3A51C4887A90090BD64 /* AudioToolbox.framework in Frameworks */,
				7DCD71F81C4793600072DDC5 /* AVFoundation.framework in Frameworks */,
				7D4D48B31C41F23700C18F6D /* GoogleMobileAds.framework in Frameworks */,
			);
			runOnlyForDeploymentPostprocessing = 0;
		};
/* End PBXFrameworksBuildPhase section */

/* Begin PBXGroup section */
		7D1B5AAA1C44E11C0053E6B8 /* SetClockMode */ = {
			isa = PBXGroup;
			children = (
				7D1B5AB71C44E94A0053E6B8 /* SetClockModeController.h */,
				7D1B5AB81C44E94A0053E6B8 /* SetClockModeController.m */,
				7D1B5AB91C44E94A0053E6B8 /* SetClockModeController.xib */,
			);
			name = SetClockMode;
			sourceTree = "<group>";
		};
		7D4D48A81C41F23700C18F6D /* GoogleMobileAdsSdkiOS-7.6.0 */ = {
			isa = PBXGroup;
			children = (
				7D4D48A91C41F23700C18F6D /* GoogleMobileAds.framework */,
				7D4D48AA1C41F23700C18F6D /* Mediation Adapters */,
				7D4D48B21C41F23700C18F6D /* README.txt */,
			);
			path = "GoogleMobileAdsSdkiOS-7.6.0";
			sourceTree = "<group>";
		};
		7D4D48AA1C41F23700C18F6D /* Mediation Adapters */ = {
			isa = PBXGroup;
			children = (
				7D4D48AB1C41F23700C18F6D /* GADMAdNetworkAdapterProtocol.h */,
				7D4D48AC1C41F23700C18F6D /* GADMAdNetworkConnectorProtocol.h */,
				7D4D48AD1C41F23700C18F6D /* GADMediationAdRequest.h */,
				7D4D48AE1C41F23700C18F6D /* GADMEnums.h */,
				7D4D48AF1C41F23700C18F6D /* GADMRewardBasedVideoAdNetworkAdapterProtocol.h */,
				7D4D48B01C41F23700C18F6D /* GADMRewardBasedVideoAdNetworkConnectorProtocol.h */,
				7D4D48B11C41F23700C18F6D /* README.txt */,
			);
			path = "Mediation Adapters";
			sourceTree = "<group>";
		};
		7D5554401C434290001D67A8 /* SetClockTime */ = {
			isa = PBXGroup;
			children = (
				7D5554411C4343BE001D67A8 /* SetClockTimeController.h */,
				7D5554421C4343BE001D67A8 /* SetClockTimeController.m */,
				7D5554431C4343BE001D67A8 /* SetClockTimeController.xib */,
			);
			name = SetClockTime;
			sourceTree = "<group>";
		};
		7D730B0B1C3CD94800C095C5 = {
			isa = PBXGroup;
			children = (
				7DF1B3A41C4887A90090BD64 /* AudioToolbox.framework */,
				7DCD71F71C4793600072DDC5 /* AVFoundation.framework */,
				7D4D48A81C41F23700C18F6D /* GoogleMobileAdsSdkiOS-7.6.0 */,
				7D730B161C3CD94800C095C5 /* quYunNaoZhong */,
				7D730B151C3CD94800C095C5 /* Products */,
			);
			sourceTree = "<group>";
		};
		7D730B151C3CD94800C095C5 /* Products */ = {
			isa = PBXGroup;
			children = (
				7D730B141C3CD94800C095C5 /* quYunNaoZhong.app */,
			);
			name = Products;
			sourceTree = "<group>";
		};
		7D730B161C3CD94800C095C5 /* quYunNaoZhong */ = {
			isa = PBXGroup;
			children = (
				7D730B2E1C3CD9DB00C095C5 /* Classes */,
				7D730B201C3CD94800C095C5 /* Main.storyboard */,
				7DCD72021C47A06C0072DDC5 /* 布谷鸟.caf */,
				7DF1B4041C4898C80090BD64 /* 大王叫我来巡山-原声带.mp3 */,
				7DF1B3A61C4888590090BD64 /* 健康闹钟铃声 */,
				7D730B231C3CD94800C095C5 /* Assets.xcassets */,
				7D730B251C3CD94800C095C5 /* LaunchScreen.storyboard */,
				7D730B281C3CD94800C095C5 /* Info.plist */,
				7D730B171C3CD94800C095C5 /* Supporting Files */,
			);
			path = quYunNaoZhong;
			sourceTree = "<group>";
		};
		7D730B171C3CD94800C095C5 /* Supporting Files */ = {
			isa = PBXGroup;
			children = (
				7D730B181C3CD94800C095C5 /* main.m */,
			);
			name = "Supporting Files";
			sourceTree = "<group>";
		};
		7D730B2E1C3CD9DB00C095C5 /* Classes */ = {
			isa = PBXGroup;
			children = (
				7D730B2F1C3CD9DB00C095C5 /* AppDelegate */,
				7D730B321C3CD9DB00C095C5 /* General */,
				7D730B351C3CD9DB00C095C5 /* Helpers */,
				7D730B361C3CD9DB00C095C5 /* Marcro */,
				7D730B371C3CD9DB00C095C5 /* Models */,
				7D730B381C3CD9DB00C095C5 /* Scences */,
			);
			path = Classes;
			sourceTree = "<group>";
		};
		7D730B2F1C3CD9DB00C095C5 /* AppDelegate */ = {
			isa = PBXGroup;
			children = (
				7D730B301C3CD9DB00C095C5 /* AppDelegate.h */,
				7D730B311C3CD9DB00C095C5 /* AppDelegate.m */,
			);
			path = AppDelegate;
			sourceTree = "<group>";
		};
		7D730B321C3CD9DB00C095C5 /* General */ = {
			isa = PBXGroup;
			children = (
				7D730B341C3CD9DB00C095C5 /* Views */,
				7D730B331C3CD9DB00C095C5 /* ViewControllers */,
			);
			path = General;
			sourceTree = "<group>";
		};
		7D730B331C3CD9DB00C095C5 /* ViewControllers */ = {
			isa = PBXGroup;
			children = (
			);
			path = ViewControllers;
			sourceTree = "<group>";
		};
		7D730B341C3CD9DB00C095C5 /* Views */ = {
			isa = PBXGroup;
			children = (
				7DEDA3D91C3E4E8900D7C4DE /* alertCell.h */,
				7DEDA3DA1C3E4E8900D7C4DE /* alertCell.m */,
				7DEDA3DB1C3E4E8900D7C4DE /* alertCell.xib */,
				7D1C16F21C3F5ECE00193447 /* MyAlertCell.h */,
				7D1C16F31C3F5ECE00193447 /* MyAlertCell.m */,
				7D1C16F41C3F5ECE00193447 /* MyAlertCell.xib */,
			);
			path = Views;
			sourceTree = "<group>";
		};
		7D730B351C3CD9DB00C095C5 /* Helpers */ = {
			isa = PBXGroup;
			children = (
				7D730B421C3CDA8F00C095C5 /* HYLocalNotication.h */,
				7D730B431C3CDA8F00C095C5 /* HYLocalNotication.m */,
				7D730B471C3CF3B300C095C5 /* UIColor+hex.h */,
				7D730B481C3CF3B300C095C5 /* UIColor+hex.m */,
				7D730B4A1C3CFA1300C095C5 /* NSString+dateTransformToNSString.h */,
				7D730B4B1C3CFA1300C095C5 /* NSString+dateTransformToNSString.m */,
			);
			path = Helpers;
			sourceTree = "<group>";
		};
		7D730B361C3CD9DB00C095C5 /* Marcro */ = {
			isa = PBXGroup;
			children = (
				7D730B461C3CDB8D00C095C5 /* HYHeader.pch */,
			);
			path = Marcro;
			sourceTree = "<group>";
		};
		7D730B371C3CD9DB00C095C5 /* Models */ = {
			isa = PBXGroup;
			children = (
				7DEDA3E11C3E6C6100D7C4DE /* alert.h */,
				7DEDA3E21C3E6C6100D7C4DE /* alert.m */,
			);
			path = Models;
			sourceTree = "<group>";
		};
		7D730B381C3CD9DB00C095C5 /* Scences */ = {
			isa = PBXGroup;
			children = (
				7D730B391C3CD9DB00C095C5 /* Views */,
				7D730B3A1C3CD9DB00C095C5 /* ViewsController */,
			);
			path = Scences;
			sourceTree = "<group>";
		};
		7D730B391C3CD9DB00C095C5 /* Views */ = {
			isa = PBXGroup;
			children = (
			);
			path = Views;
			sourceTree = "<group>";
		};
		7D730B3A1C3CD9DB00C095C5 /* ViewsController */ = {
			isa = PBXGroup;
			children = (
				7DCD71FB1C4795120072DDC5 /* SetClockMusic */,
				7D1B5AAA1C44E11C0053E6B8 /* SetClockMode */,
				7D5554401C434290001D67A8 /* SetClockTime */,
				7D730B3F1C3CDA3D00C095C5 /* MainViewController.h */,
				7D730B401C3CDA3D00C095C5 /* MainViewController.m */,
				7DF1B4091C48C0A00090BD64 /* mainSetViewController.h */,
				7DF1B40A1C48C0A00090BD64 /* mainSetViewController.m */,
				7DF1B40B1C48C0A00090BD64 /* mainSetViewController.xib */,
				7D1C16EF1C3F45D200193447 /* MyClockViewController.h */,
				7D1C16F01C3F45D200193447 /* MyClockViewController.m */,
				7DAC940D1C3F99D800F787DA /* SetClockViewController.h */,
				7DAC940E1C3F99D800F787DA /* SetClockViewController.m */,
			);
			path = ViewsController;
			sourceTree = "<group>";
		};
		7DCD71FB1C4795120072DDC5 /* SetClockMusic */ = {
			isa = PBXGroup;
			children = (
				7DCD71FC1C4795390072DDC5 /* SetClockMusicViewController.h */,
				7DCD71FD1C4795390072DDC5 /* SetClockMusicViewController.m */,
				7DCD71FE1C4795390072DDC5 /* SetClockMusicViewController.xib */,
			);
			name = SetClockMusic;
			sourceTree = "<group>";
		};
		7DF1B3A61C4888590090BD64 /* 健康闹钟铃声 */ = {
			isa = PBXGroup;
			children = (
				7DF1B3A71C4888590090BD64 /* 短铃声 */,
				7DF1B3B11C4888590090BD64 /* 萌萌铃声 */,
				7DF1B3C41C4888590090BD64 /* 音乐铃声 */,
			);
			path = "健康闹钟铃声";
			sourceTree = "<group>";
		};
		7DF1B3A71C4888590090BD64 /* 短铃声 */ = {
			isa = PBXGroup;
			children = (
				7DF1B3A81C4888590090BD64 /* dida.mp3 */,
				7DF1B3A91C4888590090BD64 /* 三全音.mp3 */,
				7DF1B3AA1C4888590090BD64 /* 乡音.mp3 */,
				7DF1B3AB1C4888590090BD64 /* 优雅谢幕.mp3 */,
				7DF1B3AC1C4888590090BD64 /* 大内密探.mp3 */,
				7DF1B3AD1C4888590090BD64 /* 水滴声.mp3 */,
				7DF1B3AE1C4888590090BD64 /* 温馨提醒.mp3 */,
				7DF1B3AF1C4888590090BD64 /* 电子音.mp3 */,
				7DF1B3B01C4888590090BD64 /* 立体音.mp3 */,
			);
			path = "短铃声";
			sourceTree = "<group>";
		};
		7DF1B3B11C4888590090BD64 /* 萌萌铃声 */ = {
			isa = PBXGroup;
			children = (
				7DF1B3B21C4888590090BD64 /* clock_boy_1.m4a */,
				7DF1B3B31C4888590090BD64 /* clock_boy_2.m4a */,
				7DF1B3B41C4888590090BD64 /* clock_boy_3.m4a */,
				7DF1B3B51C4888590090BD64 /* clock_boy_4.m4a */,
				7DF1B3B61C4888590090BD64 /* clock_boy_5.m4a */,
				7DF1B3B71C4888590090BD64 /* clock_boy_6.m4a */,
				7DF1B3B81C4888590090BD64 /* clock_boy_7.m4a */,
				7DF1B3B91C4888590090BD64 /* clock_boy_8.m4a */,
				7DF1B3BA1C4888590090BD64 /* clock_girl_1.m4a */,
				7DF1B3BB1C4888590090BD64 /* clock_girl_10.m4a */,
				7DF1B3BC1C4888590090BD64 /* clock_girl_2.m4a */,
				7DF1B3BD1C4888590090BD64 /* clock_girl_3.m4a */,
				7DF1B3BE1C4888590090BD64 /* clock_girl_4.m4a */,
				7DF1B3BF1C4888590090BD64 /* clock_girl_5.m4a */,
				7DF1B3C01C4888590090BD64 /* clock_girl_6.m4a */,
				7DF1B3C11C4888590090BD64 /* clock_girl_7.m4a */,
				7DF1B3C21C4888590090BD64 /* clock_girl_8.m4a */,
				7DF1B3C31C4888590090BD64 /* clock_girl_9.m4a */,
			);
			path = "萌萌铃声";
			sourceTree = "<group>";
		};
		7DF1B3C41C4888590090BD64 /* 音乐铃声 */ = {
			isa = PBXGroup;
			children = (
				7DF1B3C51C4888590090BD64 /* 优美口哨.cff */,
				7DF1B3C61C4888590090BD64 /* 八音盒.mp3 */,
				7DF1B3C71C4888590090BD64 /* 吉他扫弦.mp3 */,
				7DF1B3C81C4888590090BD64 /* 声声入耳.cff */,
				7DF1B3C91C4888590090BD64 /* 她的手机.cff */,
				7DF1B3CA1C4888590090BD64 /* 木琴.mp3 */,
				7DF1B3CB1C4888590090BD64 /* 村庄的早晨.mp3 */,
				7DF1B3CC1C4888590090BD64 /* 柔美舒服.cff */,
				7DF1B3CD1C4888590090BD64 /* 海边小屋.mp3 */,
				7DF1B3CE1C4888590090BD64 /* 滴答滴答.mp3 */,
				7DF1B3CF1C4888590090BD64 /* 甜美舞曲.mp3 */,
				7DF1B3D01C4888590090BD64 /* 空谷回响.mp3 */,
				7DF1B3D11C4888590090BD64 /* 经典滴滴声.mp3 */,
				7DF1B3D21C4888590090BD64 /* 美妙清晨.mp3 */,
				7DF1B3D31C4888590090BD64 /* 自然晨曦.mp3 */,
				7DF1B3D41C4888590090BD64 /* 萨克斯金曲.cff */,
				7DF1B3D51C4888590090BD64 /* 马林巴琴.mp3 */,
				7DF1B3D61C4888590090BD64 /* 黑白琴键.mp3 */,
			);
			path = "音乐铃声";
			sourceTree = "<group>";
		};
/* End PBXGroup section */

/* Begin PBXNativeTarget section */
		7D730B131C3CD94800C095C5 /* quYunNaoZhong */ = {
			isa = PBXNativeTarget;
			buildConfigurationList = 7D730B2B1C3CD94800C095C5 /* Build configuration list for PBXNativeTarget "quYunNaoZhong" */;
			buildPhases = (
				7D730B101C3CD94800C095C5 /* Sources */,
				7D730B111C3CD94800C095C5 /* Frameworks */,
				7D730B121C3CD94800C095C5 /* Resources */,
			);
			buildRules = (
			);
			dependencies = (
			);
			name = quYunNaoZhong;
			productName = quYunNaoZhong;
			productReference = 7D730B141C3CD94800C095C5 /* quYunNaoZhong.app */;
			productType = "com.apple.product-type.application";
		};
/* End PBXNativeTarget section */

/* Begin PBXProject section */
		7D730B0C1C3CD94800C095C5 /* Project object */ = {
			isa = PBXProject;
			attributes = {
				LastUpgradeCheck = 0720;
				ORGANIZATIONNAME = "趣云科技";
				TargetAttributes = {
					7D730B131C3CD94800C095C5 = {
						CreatedOnToolsVersion = 7.2;
						DevelopmentTeam = KW8T7W63TQ;
					};
				};
			};
			buildConfigurationList = 7D730B0F1C3CD94800C095C5 /* Build configuration list for PBXProject "quYunNaoZhong" */;
			compatibilityVersion = "Xcode 3.2";
			developmentRegion = English;
			hasScannedForEncodings = 0;
			knownRegions = (
				en,
				Base,
			);
			mainGroup = 7D730B0B1C3CD94800C095C5;
			productRefGroup = 7D730B151C3CD94800C095C5 /* Products */;
			projectDirPath = "";
			projectRoot = "";
			targets = (
				7D730B131C3CD94800C095C5 /* quYunNaoZhong */,
			);
		};
/* End PBXProject section */

/* Begin PBXResourcesBuildPhase section */
		7D730B121C3CD94800C095C5 /* Resources */ = {
			isa = PBXResourcesBuildPhase;
			buildActionMask = 2147483647;
			files = (
				7DF1B3DC1C4888590090BD64 /* 水滴声.mp3 in Resources */,
				7DF1B3FC1C4888590090BD64 /* 甜美舞曲.mp3 in Resources */,
				7DCD72031C47A0820072DDC5 /* 布谷鸟.caf in Resources */,
				7DF1B3F81C4888590090BD64 /* 村庄的早晨.mp3 in Resources */,
				7DF1B3F41C4888590090BD64 /* 吉他扫弦.mp3 in Resources */,
				7DF1B3D81C4888590090BD64 /* 三全音.mp3 in Resources */,
				7DF1B4031C4888590090BD64 /* 黑白琴键.mp3 in Resources */,
				7DF1B3E11C4888590090BD64 /* clock_boy_2.m4a in Resources */,
				7DF1B3FE1C4888590090BD64 /* 经典滴滴声.mp3 in Resources */,
				7DF1B3EC1C4888590090BD64 /* clock_girl_4.m4a in Resources */,
				7D730B271C3CD94800C095C5 /* LaunchScreen.storyboard in Resources */,
				7DF1B3E51C4888590090BD64 /* clock_boy_6.m4a in Resources */,
				7D730B241C3CD94800C095C5 /* Assets.xcassets in Resources */,
				7DEDA3DD1C3E4E8900D7C4DE /* alertCell.xib in Resources */,
				7D730B221C3CD94800C095C5 /* Main.storyboard in Resources */,
				7D1B5ABB1C44E94A0053E6B8 /* SetClockModeController.xib in Resources */,
				7DF1B3F11C4888590090BD64 /* clock_girl_9.m4a in Resources */,
				7D4D48B41C41F23700C18F6D /* README.txt in Resources */,
				7DF1B3EB1C4888590090BD64 /* clock_girl_3.m4a in Resources */,
				7D4D48B51C41F23700C18F6D /* README.txt in Resources */,
				7DF1B3F71C4888590090BD64 /* 木琴.mp3 in Resources */,
				7DF1B3DF1C4888590090BD64 /* 立体音.mp3 in Resources */,
				7DF1B3ED1C4888590090BD64 /* clock_girl_5.m4a in Resources */,
				7DF1B3FA1C4888590090BD64 /* 海边小屋.mp3 in Resources */,
				7DF1B3FD1C4888590090BD64 /* 空谷回响.mp3 in Resources */,
				7DF1B3DE1C4888590090BD64 /* 电子音.mp3 in Resources */,
				7DF1B3FB1C4888590090BD64 /* 滴答滴答.mp3 in Resources */,
				7DF1B3D71C4888590090BD64 /* dida.mp3 in Resources */,
				7DF1B3E71C4888590090BD64 /* clock_boy_8.m4a in Resources */,
				7DF1B3DB1C4888590090BD64 /* 大内密探.mp3 in Resources */,
				7DF1B3E31C4888590090BD64 /* clock_boy_4.m4a in Resources */,
				7DF1B3E91C4888590090BD64 /* clock_girl_10.m4a in Resources */,
				7DF1B4011C4888590090BD64 /* 萨克斯金曲.cff in Resources */,
				7DF1B3F21C4888590090BD64 /* 优美口哨.cff in Resources */,
				7DF1B3DA1C4888590090BD64 /* 优雅谢幕.mp3 in Resources */,
				7DF1B3E01C4888590090BD64 /* clock_boy_1.m4a in Resources */,
				7DF1B3FF1C4888590090BD64 /* 美妙清晨.mp3 in Resources */,
				7DF1B4001C4888590090BD64 /* 自然晨曦.mp3 in Resources */,
				7DF1B3EE1C4888590090BD64 /* clock_girl_6.m4a in Resources */,
				7D5554451C4343BE001D67A8 /* SetClockTimeController.xib in Resources */,
				7DF1B3E81C4888590090BD64 /* clock_girl_1.m4a in Resources */,
				7DF1B4021C4888590090BD64 /* 马林巴琴.mp3 in Resources */,
				7DF1B3F31C4888590090BD64 /* 八音盒.mp3 in Resources */,
				7DF1B3EA1C4888590090BD64 /* clock_girl_2.m4a in Resources */,
				7DF1B40D1C48C0A00090BD64 /* mainSetViewController.xib in Resources */,
				7DCD72001C4795390072DDC5 /* SetClockMusicViewController.xib in Resources */,
				7DF1B3DD1C4888590090BD64 /* 温馨提醒.mp3 in Resources */,
				7DF1B3E41C4888590090BD64 /* clock_boy_5.m4a in Resources */,
				7DF1B3F51C4888590090BD64 /* 声声入耳.cff in Resources */,
				7DF1B3F01C4888590090BD64 /* clock_girl_8.m4a in Resources */,
				7DF1B3EF1C4888590090BD64 /* clock_girl_7.m4a in Resources */,
				7DF1B3F91C4888590090BD64 /* 柔美舒服.cff in Resources */,
				7DF1B3E21C4888590090BD64 /* clock_boy_3.m4a in Resources */,
				7DF1B4051C4898C80090BD64 /* 大王叫我来巡山-原声带.mp3 in Resources */,
				7DF1B3E61C4888590090BD64 /* clock_boy_7.m4a in Resources */,
				7DF1B3D91C4888590090BD64 /* 乡音.mp3 in Resources */,
				7DF1B3F61C4888590090BD64 /* 她的手机.cff in Resources */,
				7D1C16F61C3F5ECE00193447 /* MyAlertCell.xib in Resources */,
			);
			runOnlyForDeploymentPostprocessing = 0;
		};
/* End PBXResourcesBuildPhase section */

/* Begin PBXSourcesBuildPhase section */
		7D730B101C3CD94800C095C5 /* Sources */ = {
			isa = PBXSourcesBuildPhase;
			buildActionMask = 2147483647;
			files = (
				7D730B3D1C3CD9DB00C095C5 /* AppDelegate.m in Sources */,
				7D730B4C1C3CFA1300C095C5 /* NSString+dateTransformToNSString.m in Sources */,
				7DEDA3E31C3E6C6100D7C4DE /* alert.m in Sources */,
				7D730B411C3CDA3D00C095C5 /* MainViewController.m in Sources */,
				7D1C16F51C3F5ECE00193447 /* MyAlertCell.m in Sources */,
				7D730B491C3CF3B300C095C5 /* UIColor+hex.m in Sources */,
				7D730B441C3CDA8F00C095C5 /* HYLocalNotication.m in Sources */,
				7DEDA3DC1C3E4E8900D7C4DE /* alertCell.m in Sources */,
				7D1C16F11C3F45D200193447 /* MyClockViewController.m in Sources */,
				7D1B5ABA1C44E94A0053E6B8 /* SetClockModeController.m in Sources */,
				7DAC940F1C3F99D800F787DA /* SetClockViewController.m in Sources */,
				7DF1B40C1C48C0A00090BD64 /* mainSetViewController.m in Sources */,
				7D5554441C4343BE001D67A8 /* SetClockTimeController.m in Sources */,
				7DCD71FF1C4795390072DDC5 /* SetClockMusicViewController.m in Sources */,
				7D730B191C3CD94800C095C5 /* main.m in Sources */,
			);
			runOnlyForDeploymentPostprocessing = 0;
		};
/* End PBXSourcesBuildPhase section */

/* Begin PBXVariantGroup section */
		7D730B201C3CD94800C095C5 /* Main.storyboard */ = {
			isa = PBXVariantGroup;
			children = (
				7D730B211C3CD94800C095C5 /* Base */,
			);
			name = Main.storyboard;
			sourceTree = "<group>";
		};
		7D730B251C3CD94800C095C5 /* LaunchScreen.storyboard */ = {
			isa = PBXVariantGroup;
			children = (
				7D730B261C3CD94800C095C5 /* Base */,
			);
			name = LaunchScreen.storyboard;
			sourceTree = "<group>";
		};
/* End PBXVariantGroup section */

/* Begin XCBuildConfiguration section */
		7D730B291C3CD94800C095C5 /* Debug */ = {
			isa = XCBuildConfiguration;
			buildSettings = {
				ALWAYS_SEARCH_USER_PATHS = NO;
				CLANG_CXX_LANGUAGE_STANDARD = "gnu++0x";
				CLANG_CXX_LIBRARY = "libc++";
				CLANG_ENABLE_MODULES = YES;
				CLANG_ENABLE_OBJC_ARC = YES;
				CLANG_WARN_BOOL_CONVERSION = YES;
				CLANG_WARN_CONSTANT_CONVERSION = YES;
				CLANG_WARN_DIRECT_OBJC_ISA_USAGE = YES_ERROR;
				CLANG_WARN_EMPTY_BODY = YES;
				CLANG_WARN_ENUM_CONVERSION = YES;
				CLANG_WARN_INT_CONVERSION = YES;
				CLANG_WARN_OBJC_ROOT_CLASS = YES_ERROR;
				CLANG_WARN_UNREACHABLE_CODE = YES;
				CLANG_WARN__DUPLICATE_METHOD_MATCH = YES;
				"CODE_SIGN_IDENTITY[sdk=iphoneos*]" = "iPhone Developer";
				COPY_PHASE_STRIP = NO;
				DEBUG_INFORMATION_FORMAT = dwarf;
				ENABLE_STRICT_OBJC_MSGSEND = YES;
				ENABLE_TESTABILITY = YES;
				GCC_C_LANGUAGE_STANDARD = gnu99;
				GCC_DYNAMIC_NO_PIC = NO;
				GCC_NO_COMMON_BLOCKS = YES;
				GCC_OPTIMIZATION_LEVEL = 0;
				GCC_PREPROCESSOR_DEFINITIONS = (
					"DEBUG=1",
					"$(inherited)",
				);
				GCC_WARN_64_TO_32_BIT_CONVERSION = YES;
				GCC_WARN_ABOUT_RETURN_TYPE = YES_ERROR;
				GCC_WARN_UNDECLARED_SELECTOR = YES;
				GCC_WARN_UNINITIALIZED_AUTOS = YES_AGGRESSIVE;
				GCC_WARN_UNUSED_FUNCTION = YES;
				GCC_WARN_UNUSED_VARIABLE = YES;
				IPHONEOS_DEPLOYMENT_TARGET = 9.2;
				MTL_ENABLE_DEBUG_INFO = YES;
				ONLY_ACTIVE_ARCH = YES;
				SDKROOT = iphoneos;
				TARGETED_DEVICE_FAMILY = "1,2";
			};
			name = Debug;
		};
		7D730B2A1C3CD94800C095C5 /* Release */ = {
			isa = XCBuildConfiguration;
			buildSettings = {
				ALWAYS_SEARCH_USER_PATHS = NO;
				CLANG_CXX_LANGUAGE_STANDARD = "gnu++0x";
				CLANG_CXX_LIBRARY = "libc++";
				CLANG_ENABLE_MODULES = YES;
				CLANG_ENABLE_OBJC_ARC = YES;
				CLANG_WARN_BOOL_CONVERSION = YES;
				CLANG_WARN_CONSTANT_CONVERSION = YES;
				CLANG_WARN_DIRECT_OBJC_ISA_USAGE = YES_ERROR;
				CLANG_WARN_EMPTY_BODY = YES;
				CLANG_WARN_ENUM_CONVERSION = YES;
				CLANG_WARN_INT_CONVERSION = YES;
				CLANG_WARN_OBJC_ROOT_CLASS = YES_ERROR;
				CLANG_WARN_UNREACHABLE_CODE = YES;
				CLANG_WARN__DUPLICATE_METHOD_MATCH = YES;
				"CODE_SIGN_IDENTITY[sdk=iphoneos*]" = "iPhone Developer";
				COPY_PHASE_STRIP = NO;
				DEBUG_INFORMATION_FORMAT = "dwarf-with-dsym";
				ENABLE_NS_ASSERTIONS = NO;
				ENABLE_STRICT_OBJC_MSGSEND = YES;
				GCC_C_LANGUAGE_STANDARD = gnu99;
				GCC_NO_COMMON_BLOCKS = YES;
				GCC_WARN_64_TO_32_BIT_CONVERSION = YES;
				GCC_WARN_ABOUT_RETURN_TYPE = YES_ERROR;
				GCC_WARN_UNDECLARED_SELECTOR = YES;
				GCC_WARN_UNINITIALIZED_AUTOS = YES_AGGRESSIVE;
				GCC_WARN_UNUSED_FUNCTION = YES;
				GCC_WARN_UNUSED_VARIABLE = YES;
				IPHONEOS_DEPLOYMENT_TARGET = 9.2;
				MTL_ENABLE_DEBUG_INFO = NO;
				SDKROOT = iphoneos;
				TARGETED_DEVICE_FAMILY = "1,2";
				VALIDATE_PRODUCT = YES;
			};
			name = Release;
		};
		7D730B2C1C3CD94800C095C5 /* Debug */ = {
			isa = XCBuildConfiguration;
			buildSettings = {
				ASSETCATALOG_COMPILER_APPICON_NAME = AppIcon;
				ENABLE_BITCODE = NO;
				FRAMEWORK_SEARCH_PATHS = (
					"$(inherited)",
					"$(PROJECT_DIR)/GoogleMobileAdsSdkiOS-7.6.0",
				);
				GCC_PREFIX_HEADER = /Users/quyunkeji/Desktop/quYunNaoZhong/quYunNaoZhong/Classes/Marcro/HYHeader.pch;
				INFOPLIST_FILE = quYunNaoZhong/Info.plist;
				IPHONEOS_DEPLOYMENT_TARGET = 7.0;
				LD_RUNPATH_SEARCH_PATHS = "$(inherited) @executable_path/Frameworks";
				PRODUCT_BUNDLE_IDENTIFIER = com.quyun.quYunNaoZhong;
				PRODUCT_NAME = "$(TARGET_NAME)";
			};
			name = Debug;
		};
		7D730B2D1C3CD94800C095C5 /* Release */ = {
			isa = XCBuildConfiguration;
			buildSettings = {
				ASSETCATALOG_COMPILER_APPICON_NAME = AppIcon;
				ENABLE_BITCODE = NO;
				FRAMEWORK_SEARCH_PATHS = (
					"$(inherited)",
					"$(PROJECT_DIR)/GoogleMobileAdsSdkiOS-7.6.0",
				);
				GCC_PREFIX_HEADER = /Users/quyunkeji/Desktop/quYunNaoZhong/quYunNaoZhong/Classes/Marcro/HYHeader.pch;
				INFOPLIST_FILE = quYunNaoZhong/Info.plist;
				IPHONEOS_DEPLOYMENT_TARGET = 7.0;
				LD_RUNPATH_SEARCH_PATHS = "$(inherited) @executable_path/Frameworks";
				PRODUCT_BUNDLE_IDENTIFIER = com.quyun.quYunNaoZhong;
				PRODUCT_NAME = "$(TARGET_NAME)";
			};
			name = Release;
		};
/* End XCBuildConfiguration section */

/* Begin XCConfigurationList section */
		7D730B0F1C3CD94800C095C5 /* Build configuration list for PBXProject "quYunNaoZhong" */ = {
			isa = XCConfigurationList;
			buildConfigurations = (
				7D730B291C3CD94800C095C5 /* Debug */,
				7D730B2A1C3CD94800C095C5 /* Release */,
			);
			defaultConfigurationIsVisible = 0;
			defaultConfigurationName = Release;
		};
		7D730B2B1C3CD94800C095C5 /* Build configuration list for PBXNativeTarget "quYunNaoZhong" */ = {
			isa = XCConfigurationList;
			buildConfigurations = (
				7D730B2C1C3CD94800C095C5 /* Debug */,
				7D730B2D1C3CD94800C095C5 /* Release */,
			);
			defaultConfigurationIsVisible = 0;
			defaultConfigurationName = Release;
		};
/* End XCConfigurationList section */
	};
	rootObject = 7D730B0C1C3CD94800C095C5 /* Project object */;
}
